
Microsoft Visual Studio Solution File, Format Version 12.00
# Visual Studio Version 17
Project("{8BC9CEB8-8B4A-11D0-8D11-00A0C91BC942}") = "ALL_BUILD", "ALL_BUILD.vcxproj", "{BC2E4D0F-4FCA-31E6-870E-5D27EB23456E}"
	ProjectSection(ProjectDependencies) = postProject
		{5B79D6AD-FBA0-3E19-841C-B2B3E9DA120D} = {5B79D6AD-FBA0-3E19-841C-B2B3E9DA120D}
		{5B433D1E-9101-3D2E-ABD4-2D0EBA1C378F} = {5B433D1E-9101-3D2E-ABD4-2D0EBA1C378F}
		{BAE1AAF6-DB00-322F-BC1F-236566A98F09} = {BAE1AAF6-DB00-322F-BC1F-236566A98F09}
	EndProjectSection
EndProject
Project("{8BC9CEB8-8B4A-11D0-8D11-00A0C91BC942}") = "MathFunctions", "MathFunctions\MathFunctions.vcxproj", "{5B79D6AD-FBA0-3E19-841C-B2B3E9DA120D}"
	ProjectSection(ProjectDependencies) = postProject
		{BAE1AAF6-DB00-322F-BC1F-236566A98F09} = {BAE1AAF6-DB00-322F-BC1F-236566A98F09}
	EndProjectSection
EndProject
Project("{8BC9CEB8-8B4A-11D0-8D11-00A0C91BC942}") = "Tutorial", "Tutorial.vcxproj", "{5B433D1E-9101-3D2E-ABD4-2D0EBA1C378F}"
	ProjectSection(ProjectDependencies) = postProject
		{BAE1AAF6-DB00-322F-BC1F-236566A98F09} = {BAE1AAF6-DB00-322F-BC1F-236566A98F09}
	EndProjectSection
EndProject
Project("{8BC9CEB8-8B4A-11D0-8D11-00A0C91BC942}") = "ZERO_CHECK", "ZERO_CHECK.vcxproj", "{BAE1AAF6-DB00-322F-BC1F-236566A98F09}"
	ProjectSection(ProjectDependencies) = postProject
	EndProjectSection
EndProject
Global
	GlobalSection(SolutionConfigurationPlatforms) = preSolution
		Debug|x64 = Debug|x64
		Release|x64 = Release|x64
		MinSizeRel|x64 = MinSizeRel|x64
		RelWithDebInfo|x64 = RelWithDebInfo|x64
	EndGlobalSection
	GlobalSection(ProjectConfigurationPlatforms) = postSolution
		{BC2E4D0F-4FCA-31E6-870E-5D27EB23456E}.Debug|x64.ActiveCfg = Debug|x64
		{BC2E4D0F-4FCA-31E6-870E-5D27EB23456E}.Release|x64.ActiveCfg = Release|x64
		{BC2E4D0F-4FCA-31E6-870E-5D27EB23456E}.MinSizeRel|x64.ActiveCfg = MinSizeRel|x64
		{BC2E4D0F-4FCA-31E6-870E-5D27EB23456E}.RelWithDebInfo|x64.ActiveCfg = RelWithDebInfo|x64
		{5B79D6AD-FBA0-3E19-841C-B2B3E9DA120D}.Debug|x64.ActiveCfg = Debug|x64
		{5B79D6AD-FBA0-3E19-841C-B2B3E9DA120D}.Debug|x64.Build.0 = Debug|x64
		{5B79D6AD-FBA0-3E19-841C-B2B3E9DA120D}.Release|x64.ActiveCfg = Release|x64
		{5B79D6AD-FBA0-3E19-841C-B2B3E9DA120D}.Release|x64.Build.0 = Release|x64
		{5B79D6AD-FBA0-3E19-841C-B2B3E9DA120D}.MinSizeRel|x64.ActiveCfg = MinSizeRel|x64
		{5B79D6AD-FBA0-3E19-841C-B2B3E9DA120D}.MinSizeRel|x64.Build.0 = MinSizeRel|x64
		{5B79D6AD-FBA0-3E19-841C-B2B3E9DA120D}.RelWithDebInfo|x64.ActiveCfg = RelWithDebInfo|x64
		{5B79D6AD-FBA0-3E19-841C-B2B3E9DA120D}.RelWithDebInfo|x64.Build.0 = RelWithDebInfo|x64
		{5B433D1E-9101-3D2E-ABD4-2D0EBA1C378F}.Debug|x64.ActiveCfg = Debug|x64
		{5B433D1E-9101-3D2E-ABD4-2D0EBA1C378F}.Debug|x64.Build.0 = Debug|x64
		{5B433D1E-9101-3D2E-ABD4-2D0EBA1C378F}.Release|x64.ActiveCfg = Release|x64
		{5B433D1E-9101-3D2E-ABD4-2D0EBA1C378F}.Release|x64.Build.0 = Release|x64
		{5B433D1E-9101-3D2E-ABD4-2D0EBA1C378F}.MinSizeRel|x64.ActiveCfg = MinSizeRel|x64
		{5B433D1E-9101-3D2E-ABD4-2D0EBA1C378F}.MinSizeRel|x64.Build.0 = MinSizeRel|x64
		{5B433D1E-9101-3D2E-ABD4-2D0EBA1C378F}.RelWithDebInfo|x64.ActiveCfg = RelWithDebInfo|x64
		{5B433D1E-9101-3D2E-ABD4-2D0EBA1C378F}.RelWithDebInfo|x64.Build.0 = RelWithDebInfo|x64
		{BAE1AAF6-DB00-322F-BC1F-236566A98F09}.Debug|x64.ActiveCfg = Debug|x64
		{BAE1AAF6-DB00-322F-BC1F-236566A98F09}.Debug|x64.Build.0 = Debug|x64
		{BAE1AAF6-DB00-322F-BC1F-236566A98F09}.Release|x64.ActiveCfg = Release|x64
		{BAE1AAF6-DB00-322F-BC1F-236566A98F09}.Release|x64.Build.0 = Release|x64
		{BAE1AAF6-DB00-322F-BC1F-236566A98F09}.MinSizeRel|x64.ActiveCfg = MinSizeRel|x64
		{BAE1AAF6-DB00-322F-BC1F-236566A98F09}.MinSizeRel|x64.Build.0 = MinSizeRel|x64
		{BAE1AAF6-DB00-322F-BC1F-236566A98F09}.RelWithDebInfo|x64.ActiveCfg = RelWithDebInfo|x64
		{BAE1AAF6-DB00-322F-BC1F-236566A98F09}.RelWithDebInfo|x64.Build.0 = RelWithDebInfo|x64
	EndGlobalSection
	GlobalSection(ExtensibilityGlobals) = postSolution
		SolutionGuid = {854AA5F8-1A3D-32F9-AB51-CB115C490E47}
	EndGlobalSection
	GlobalSection(ExtensibilityAddIns) = postSolution
	EndGlobalSection
EndGlobal
